
Microsoft Visual Studio Solution File, Format Version 12.00
# Visual Studio Version 17
VisualStudioVersion = 17.0.32002.185
MinimumVisualStudioVersion = 10.0.40219.1
Project("{FAE04EC0-301F-11D3-BF4B-00C04F79EFBC}") = "tpGateway", "tpGateway\tpGateway.csproj", "{E14A6FE0-98CB-476D-8CF1-A94A1647AEBB}"
EndProject
Project("{E53339B2-1760-4266-BCC7-CA923CBCF16C}") = "docker-compose", "docker-compose.dcproj", "{C67A7D55-F961-4291-97B4-3C9537EC3EF7}"
EndProject
Global
	GlobalSection(SolutionConfigurationPlatforms) = preSolution
		Debug|Any CPU = Debug|Any CPU
		Release|Any CPU = Release|Any CPU
	EndGlobalSection
	GlobalSection(ProjectConfigurationPlatforms) = postSolution
		{E14A6FE0-98CB-476D-8CF1-A94A1647AEBB}.Debug|Any CPU.ActiveCfg = Debug|Any CPU
		{E14A6FE0-98CB-476D-8CF1-A94A1647AEBB}.Debug|Any CPU.Build.0 = Debug|Any CPU
		{E14A6FE0-98CB-476D-8CF1-A94A1647AEBB}.Release|Any CPU.ActiveCfg = Release|Any CPU
		{E14A6FE0-98CB-476D-8CF1-A94A1647AEBB}.Release|Any CPU.Build.0 = Release|Any CPU
		{C67A7D55-F961-4291-97B4-3C9537EC3EF7}.Debug|Any CPU.ActiveCfg = Debug|Any CPU
		{C67A7D55-F961-4291-97B4-3C9537EC3EF7}.Debug|Any CPU.Build.0 = Debug|Any CPU
		{C67A7D55-F961-4291-97B4-3C9537EC3EF7}.Release|Any CPU.ActiveCfg = Release|Any CPU
		{C67A7D55-F961-4291-97B4-3C9537EC3EF7}.Release|Any CPU.Build.0 = Release|Any CPU
	EndGlobalSection
	GlobalSection(SolutionProperties) = preSolution
		HideSolutionNode = FALSE
	EndGlobalSection
	GlobalSection(ExtensibilityGlobals) = postSolution
		SolutionGuid = {D72B82D3-3377-4572-B76D-478A02FD2817}
	EndGlobalSection
EndGlobal
